
Microsoft Visual Studio Solution File, Format Version 12.00
# Visual Studio Version 17
VisualStudioVersion = 17.7.34031.279
MinimumVisualStudioVersion = 10.0.40219.1
Project("{8BC9CEB8-8B4A-11D0-8D11-00A0C91BC942}") = "Bai01", "Bai01\Bai01.vcxproj", "{D80930BA-3D1B-46D3-A63A-DB52571325E5}"
EndProject
Project("{8BC9CEB8-8B4A-11D0-8D11-00A0C91BC942}") = "Bai02", "Bai02\Bai02.vcxproj", "{8F3C3BE3-16EC-43C6-8A86-F726112AA24E}"
EndProject
Project("{8BC9CEB8-8B4A-11D0-8D11-00A0C91BC942}") = "Bai03", "Bai03\Bai03.vcxproj", "{2F200D87-B8A0-45B1-BAAE-F7B4E200F7F7}"
EndProject
Project("{8BC9CEB8-8B4A-11D0-8D11-00A0C91BC942}") = "Bai04", "Bai04\Bai04.vcxproj", "{FB05F5D3-32B9-4979-B37A-9266D21C6AB2}"
EndProject
Project("{8BC9CEB8-8B4A-11D0-8D11-00A0C91BC942}") = "Bai05", "Bai05\Bai05.vcxproj", "{4A3164F3-A592-4AFA-8DC5-D850763DC6B3}"
EndProject
Project("{8BC9CEB8-8B4A-11D0-8D11-00A0C91BC942}") = "Bai06", "Bai06\Bai06.vcxproj", "{2E7CD65A-A330-482D-9993-232173DFD8AE}"
EndProject
Project("{8BC9CEB8-8B4A-11D0-8D11-00A0C91BC942}") = "Bai07", "Bai07\Bai07.vcxproj", "{E70CBC6F-02E0-41BD-8DA7-B3C920E99FE0}"
EndProject
Project("{8BC9CEB8-8B4A-11D0-8D11-00A0C91BC942}") = "Bai08", "Bai08\Bai08.vcxproj", "{E24C2614-F9B8-4798-98C7-F00B3288784B}"
EndProject
Project("{8BC9CEB8-8B4A-11D0-8D11-00A0C91BC942}") = "Bai09", "Bai09\Bai09.vcxproj", "{71597416-0A42-4784-92A6-2AF1A1A99DED}"
EndProject
Global
	GlobalSection(SolutionConfigurationPlatforms) = preSolution
		Debug|x64 = Debug|x64
		Debug|x86 = Debug|x86
		Release|x64 = Release|x64
		Release|x86 = Release|x86
	EndGlobalSection
	GlobalSection(ProjectConfigurationPlatforms) = postSolution
		{D80930BA-3D1B-46D3-A63A-DB52571325E5}.Debug|x64.ActiveCfg = Debug|x64
		{D80930BA-3D1B-46D3-A63A-DB52571325E5}.Debug|x64.Build.0 = Debug|x64
		{D80930BA-3D1B-46D3-A63A-DB52571325E5}.Debug|x86.ActiveCfg = Debug|Win32
		{D80930BA-3D1B-46D3-A63A-DB52571325E5}.Debug|x86.Build.0 = Debug|Win32
		{D80930BA-3D1B-46D3-A63A-DB52571325E5}.Release|x64.ActiveCfg = Release|x64
		{D80930BA-3D1B-46D3-A63A-DB52571325E5}.Release|x64.Build.0 = Release|x64
		{D80930BA-3D1B-46D3-A63A-DB52571325E5}.Release|x86.ActiveCfg = Release|Win32
		{D80930BA-3D1B-46D3-A63A-DB52571325E5}.Release|x86.Build.0 = Release|Win32
		{8F3C3BE3-16EC-43C6-8A86-F726112AA24E}.Debug|x64.ActiveCfg = Debug|x64
		{8F3C3BE3-16EC-43C6-8A86-F726112AA24E}.Debug|x64.Build.0 = Debug|x64
		{8F3C3BE3-16EC-43C6-8A86-F726112AA24E}.Debug|x86.ActiveCfg = Debug|Win32
		{8F3C3BE3-16EC-43C6-8A86-F726112AA24E}.Debug|x86.Build.0 = Debug|Win32
		{8F3C3BE3-16EC-43C6-8A86-F726112AA24E}.Release|x64.ActiveCfg = Release|x64
		{8F3C3BE3-16EC-43C6-8A86-F726112AA24E}.Release|x64.Build.0 = Release|x64
		{8F3C3BE3-16EC-43C6-8A86-F726112AA24E}.Release|x86.ActiveCfg = Release|Win32
		{8F3C3BE3-16EC-43C6-8A86-F726112AA24E}.Release|x86.Build.0 = Release|Win32
		{2F200D87-B8A0-45B1-BAAE-F7B4E200F7F7}.Debug|x64.ActiveCfg = Debug|x64
		{2F200D87-B8A0-45B1-BAAE-F7B4E200F7F7}.Debug|x64.Build.0 = Debug|x64
		{2F200D87-B8A0-45B1-BAAE-F7B4E200F7F7}.Debug|x86.ActiveCfg = Debug|Win32
		{2F200D87-B8A0-45B1-BAAE-F7B4E200F7F7}.Debug|x86.Build.0 = Debug|Win32
		{2F200D87-B8A0-45B1-BAAE-F7B4E200F7F7}.Release|x64.ActiveCfg = Release|x64
		{2F200D87-B8A0-45B1-BAAE-F7B4E200F7F7}.Release|x64.Build.0 = Release|x64
		{2F200D87-B8A0-45B1-BAAE-F7B4E200F7F7}.Release|x86.ActiveCfg = Release|Win32
		{2F200D87-B8A0-45B1-BAAE-F7B4E200F7F7}.Release|x86.Build.0 = Release|Win32
		{FB05F5D3-32B9-4979-B37A-9266D21C6AB2}.Debug|x64.ActiveCfg = Debug|x64
		{FB05F5D3-32B9-4979-B37A-9266D21C6AB2}.Debug|x64.Build.0 = Debug|x64
		{FB05F5D3-32B9-4979-B37A-9266D21C6AB2}.Debug|x86.ActiveCfg = Debug|Win32
		{FB05F5D3-32B9-4979-B37A-9266D21C6AB2}.Debug|x86.Build.0 = Debug|Win32
		{FB05F5D3-32B9-4979-B37A-9266D21C6AB2}.Release|x64.ActiveCfg = Release|x64
		{FB05F5D3-32B9-4979-B37A-9266D21C6AB2}.Release|x64.Build.0 = Release|x64
		{FB05F5D3-32B9-4979-B37A-9266D21C6AB2}.Release|x86.ActiveCfg = Release|Win32
		{FB05F5D3-32B9-4979-B37A-9266D21C6AB2}.Release|x86.Build.0 = Release|Win32
		{4A3164F3-A592-4AFA-8DC5-D850763DC6B3}.Debug|x64.ActiveCfg = Debug|x64
		{4A3164F3-A592-4AFA-8DC5-D850763DC6B3}.Debug|x64.Build.0 = Debug|x64
		{4A3164F3-A592-4AFA-8DC5-D850763DC6B3}.Debug|x86.ActiveCfg = Debug|Win32
		{4A3164F3-A592-4AFA-8DC5-D850763DC6B3}.Debug|x86.Build.0 = Debug|Win32
		{4A3164F3-A592-4AFA-8DC5-D850763DC6B3}.Release|x64.ActiveCfg = Release|x64
		{4A3164F3-A592-4AFA-8DC5-D850763DC6B3}.Release|x64.Build.0 = Release|x64
		{4A3164F3-A592-4AFA-8DC5-D850763DC6B3}.Release|x86.ActiveCfg = Release|Win32
		{4A3164F3-A592-4AFA-8DC5-D850763DC6B3}.Release|x86.Build.0 = Release|Win32
		{2E7CD65A-A330-482D-9993-232173DFD8AE}.Debug|x64.ActiveCfg = Debug|x64
		{2E7CD65A-A330-482D-9993-232173DFD8AE}.Debug|x64.Build.0 = Debug|x64
		{2E7CD65A-A330-482D-9993-232173DFD8AE}.Debug|x86.ActiveCfg = Debug|Win32
		{2E7CD65A-A330-482D-9993-232173DFD8AE}.Debug|x86.Build.0 = Debug|Win32
		{2E7CD65A-A330-482D-9993-232173DFD8AE}.Release|x64.ActiveCfg = Release|x64
		{2E7CD65A-A330-482D-9993-232173DFD8AE}.Release|x64.Build.0 = Release|x64
		{2E7CD65A-A330-482D-9993-232173DFD8AE}.Release|x86.ActiveCfg = Release|Win32
		{2E7CD65A-A330-482D-9993-232173DFD8AE}.Release|x86.Build.0 = Release|Win32
		{E70CBC6F-02E0-41BD-8DA7-B3C920E99FE0}.Debug|x64.ActiveCfg = Debug|x64
		{E70CBC6F-02E0-41BD-8DA7-B3C920E99FE0}.Debug|x64.Build.0 = Debug|x64
		{E70CBC6F-02E0-41BD-8DA7-B3C920E99FE0}.Debug|x86.ActiveCfg = Debug|Win32
		{E70CBC6F-02E0-41BD-8DA7-B3C920E99FE0}.Debug|x86.Build.0 = Debug|Win32
		{E70CBC6F-02E0-41BD-8DA7-B3C920E99FE0}.Release|x64.ActiveCfg = Release|x64
		{E70CBC6F-02E0-41BD-8DA7-B3C920E99FE0}.Release|x64.Build.0 = Release|x64
		{E70CBC6F-02E0-41BD-8DA7-B3C920E99FE0}.Release|x86.ActiveCfg = Release|Win32
		{E70CBC6F-02E0-41BD-8DA7-B3C920E99FE0}.Release|x86.Build.0 = Release|Win32
		{E24C2614-F9B8-4798-98C7-F00B3288784B}.Debug|x64.ActiveCfg = Debug|x64
		{E24C2614-F9B8-4798-98C7-F00B3288784B}.Debug|x64.Build.0 = Debug|x64
		{E24C2614-F9B8-4798-98C7-F00B3288784B}.Debug|x86.ActiveCfg = Debug|Win32
		{E24C2614-F9B8-4798-98C7-F00B3288784B}.Debug|x86.Build.0 = Debug|Win32
		{E24C2614-F9B8-4798-98C7-F00B3288784B}.Release|x64.ActiveCfg = Release|x64
		{E24C2614-F9B8-4798-98C7-F00B3288784B}.Release|x64.Build.0 = Release|x64
		{E24C2614-F9B8-4798-98C7-F00B3288784B}.Release|x86.ActiveCfg = Release|Win32
		{E24C2614-F9B8-4798-98C7-F00B3288784B}.Release|x86.Build.0 = Release|Win32
		{71597416-0A42-4784-92A6-2AF1A1A99DED}.Debug|x64.ActiveCfg = Debug|x64
		{71597416-0A42-4784-92A6-2AF1A1A99DED}.Debug|x64.Build.0 = Debug|x64
		{71597416-0A42-4784-92A6-2AF1A1A99DED}.Debug|x86.ActiveCfg = Debug|Win32
		{71597416-0A42-4784-92A6-2AF1A1A99DED}.Debug|x86.Build.0 = Debug|Win32
		{71597416-0A42-4784-92A6-2AF1A1A99DED}.Release|x64.ActiveCfg = Release|x64
		{71597416-0A42-4784-92A6-2AF1A1A99DED}.Release|x64.Build.0 = Release|x64
		{71597416-0A42-4784-92A6-2AF1A1A99DED}.Release|x86.ActiveCfg = Release|Win32
		{71597416-0A42-4784-92A6-2AF1A1A99DED}.Release|x86.Build.0 = Release|Win32
	EndGlobalSection
	GlobalSection(SolutionProperties) = preSolution
		HideSolutionNode = FALSE
	EndGlobalSection
	GlobalSection(ExtensibilityGlobals) = postSolution
		SolutionGuid = {DC1AF98D-1CA5-474A-BADD-80BCF23FD5B5}
	EndGlobalSection
EndGlobal
